{
  "name": "asyncllm",
  "version": "1.2.1",
  "lockfileVersion": 3,
  "requires": true,
  "packages": {
    "": {
      "name": "asyncllm",
      "version": "1.2.1",
      "license": "MIT",
      "dependencies": {
        "asyncsse": "^1.1.0"
      },
      "engines": {
        "node": ">=14.0.0"
      }
    },
    "node_modules/asyncsse": {
      "version": "1.2.0",
      "resolved": "https://registry.npmjs.org/asyncsse/-/asyncsse-1.2.0.tgz",
      "integrity": "sha512-FBsXxgNQf4MdESsO2I+kpHYma+OkEPIIY4aDECZh7FfEx4p3ieaps/DmUFQw4nqbMI7vwK+NajNOSI2u7NJZ4A==",
      "engines": {
        "node": ">=14.0.0"
      }
    }
  }
}
